
Microsoft Visual Studio Solution File, Format Version 12.00
# Visual Studio 15
VisualStudioVersion = 15.0.26430.14
MinimumVisualStudioVersion = 10.0.40219.1
Project("{FAE04EC0-301F-11D3-BF4B-00C04F79EFBC}") = "Military Elite", "Military Elite\Military Elite.csproj", "{11541995-F27E-4A5A-BB6D-B0CB57BF2835}"
EndProject
Project("{FAE04EC0-301F-11D3-BF4B-00C04F79EFBC}") = "Interface and implementation", "Interface and implementation\Interface and implementation.csproj", "{6607CFC6-6652-4A7F-98B7-2A5C0882BBDF}"
EndProject
Project("{FAE04EC0-301F-11D3-BF4B-00C04F79EFBC}") = "Ferrari", "Ferrari\Ferrari.csproj", "{326B01A6-D903-4BED-A308-AED6D6F5326E}"
EndProject
Project("{FAE04EC0-301F-11D3-BF4B-00C04F79EFBC}") = "Telephony", "Telephony\Telephony.csproj", "{D37E6D3F-EF6B-4C7C-8356-F8749CBD97A5}"
EndProject
Project("{FAE04EC0-301F-11D3-BF4B-00C04F79EFBC}") = "BorderControl", "BorderControl\BorderControl.csproj", "{53A6DDB6-53F2-4608-99E6-E989D31B864C}"
EndProject
Global
	GlobalSection(SolutionConfigurationPlatforms) = preSolution
		Debug|Any CPU = Debug|Any CPU
		Release|Any CPU = Release|Any CPU
	EndGlobalSection
	GlobalSection(ProjectConfigurationPlatforms) = postSolution
		{11541995-F27E-4A5A-BB6D-B0CB57BF2835}.Debug|Any CPU.ActiveCfg = Debug|Any CPU
		{11541995-F27E-4A5A-BB6D-B0CB57BF2835}.Debug|Any CPU.Build.0 = Debug|Any CPU
		{11541995-F27E-4A5A-BB6D-B0CB57BF2835}.Release|Any CPU.ActiveCfg = Release|Any CPU
		{11541995-F27E-4A5A-BB6D-B0CB57BF2835}.Release|Any CPU.Build.0 = Release|Any CPU
		{6607CFC6-6652-4A7F-98B7-2A5C0882BBDF}.Debug|Any CPU.ActiveCfg = Debug|Any CPU
		{6607CFC6-6652-4A7F-98B7-2A5C0882BBDF}.Debug|Any CPU.Build.0 = Debug|Any CPU
		{6607CFC6-6652-4A7F-98B7-2A5C0882BBDF}.Release|Any CPU.ActiveCfg = Release|Any CPU
		{6607CFC6-6652-4A7F-98B7-2A5C0882BBDF}.Release|Any CPU.Build.0 = Release|Any CPU
		{326B01A6-D903-4BED-A308-AED6D6F5326E}.Debug|Any CPU.ActiveCfg = Debug|Any CPU
		{326B01A6-D903-4BED-A308-AED6D6F5326E}.Debug|Any CPU.Build.0 = Debug|Any CPU
		{326B01A6-D903-4BED-A308-AED6D6F5326E}.Release|Any CPU.ActiveCfg = Release|Any CPU
		{326B01A6-D903-4BED-A308-AED6D6F5326E}.Release|Any CPU.Build.0 = Release|Any CPU
		{D37E6D3F-EF6B-4C7C-8356-F8749CBD97A5}.Debug|Any CPU.ActiveCfg = Debug|Any CPU
		{D37E6D3F-EF6B-4C7C-8356-F8749CBD97A5}.Debug|Any CPU.Build.0 = Debug|Any CPU
		{D37E6D3F-EF6B-4C7C-8356-F8749CBD97A5}.Release|Any CPU.ActiveCfg = Release|Any CPU
		{D37E6D3F-EF6B-4C7C-8356-F8749CBD97A5}.Release|Any CPU.Build.0 = Release|Any CPU
		{53A6DDB6-53F2-4608-99E6-E989D31B864C}.Debug|Any CPU.ActiveCfg = Debug|Any CPU
		{53A6DDB6-53F2-4608-99E6-E989D31B864C}.Debug|Any CPU.Build.0 = Debug|Any CPU
		{53A6DDB6-53F2-4608-99E6-E989D31B864C}.Release|Any CPU.ActiveCfg = Release|Any CPU
		{53A6DDB6-53F2-4608-99E6-E989D31B864C}.Release|Any CPU.Build.0 = Release|Any CPU
	EndGlobalSection
	GlobalSection(SolutionProperties) = preSolution
		HideSolutionNode = FALSE
	EndGlobalSection
EndGlobal
