
Microsoft Visual Studio Solution File, Format Version 12.00
# Visual Studio 15
VisualStudioVersion = 15.0.26730.16
MinimumVisualStudioVersion = 10.0.40219.1
Project("{FAE04EC0-301F-11D3-BF4B-00C04F79EFBC}") = "URL Decode", "URL Decode\URL Decode.csproj", "{E1B13D17-6D31-4A2D-80A2-E3FAC3AE8EBC}"
EndProject
Project("{FAE04EC0-301F-11D3-BF4B-00C04F79EFBC}") = "Validate URL", "Validate URL\Validate URL.csproj", "{2E5C092D-805D-48D8-BCBD-45D30B9E52EF}"
EndProject
Project("{FAE04EC0-301F-11D3-BF4B-00C04F79EFBC}") = "Request Parser", "Request Parser\Request Parser.csproj", "{2C654644-1CD8-427D-B95D-BF114CBF25E3}"
EndProject
Global
	GlobalSection(SolutionConfigurationPlatforms) = preSolution
		Debug|Any CPU = Debug|Any CPU
		Release|Any CPU = Release|Any CPU
	EndGlobalSection
	GlobalSection(ProjectConfigurationPlatforms) = postSolution
		{E1B13D17-6D31-4A2D-80A2-E3FAC3AE8EBC}.Debug|Any CPU.ActiveCfg = Debug|Any CPU
		{E1B13D17-6D31-4A2D-80A2-E3FAC3AE8EBC}.Debug|Any CPU.Build.0 = Debug|Any CPU
		{E1B13D17-6D31-4A2D-80A2-E3FAC3AE8EBC}.Release|Any CPU.ActiveCfg = Release|Any CPU
		{E1B13D17-6D31-4A2D-80A2-E3FAC3AE8EBC}.Release|Any CPU.Build.0 = Release|Any CPU
		{2E5C092D-805D-48D8-BCBD-45D30B9E52EF}.Debug|Any CPU.ActiveCfg = Debug|Any CPU
		{2E5C092D-805D-48D8-BCBD-45D30B9E52EF}.Debug|Any CPU.Build.0 = Debug|Any CPU
		{2E5C092D-805D-48D8-BCBD-45D30B9E52EF}.Release|Any CPU.ActiveCfg = Release|Any CPU
		{2E5C092D-805D-48D8-BCBD-45D30B9E52EF}.Release|Any CPU.Build.0 = Release|Any CPU
		{2C654644-1CD8-427D-B95D-BF114CBF25E3}.Debug|Any CPU.ActiveCfg = Debug|Any CPU
		{2C654644-1CD8-427D-B95D-BF114CBF25E3}.Debug|Any CPU.Build.0 = Debug|Any CPU
		{2C654644-1CD8-427D-B95D-BF114CBF25E3}.Release|Any CPU.ActiveCfg = Release|Any CPU
		{2C654644-1CD8-427D-B95D-BF114CBF25E3}.Release|Any CPU.Build.0 = Release|Any CPU
	EndGlobalSection
	GlobalSection(SolutionProperties) = preSolution
		HideSolutionNode = FALSE
	EndGlobalSection
	GlobalSection(ExtensibilityGlobals) = postSolution
		SolutionGuid = {AD5AF982-2859-41AB-9276-6B3D786CD4AB}
	EndGlobalSection
EndGlobal
