
Microsoft Visual Studio Solution File, Format Version 12.00
# Visual Studio 14
VisualStudioVersion = 14.0.25420.1
MinimumVisualStudioVersion = 10.0.40219.1
Project("{FAE04EC0-301F-11D3-BF4B-00C04F79EFBC}") = "01. Odd Lines", "01. Odd Lines\01. Odd Lines.csproj", "{FF42E3B6-D887-44D2-9D47-C249BD7FC33C}"
EndProject
Project("{FAE04EC0-301F-11D3-BF4B-00C04F79EFBC}") = "02. Line Numbers", "02. Line Numbers\02. Line Numbers.csproj", "{AE9DCDE6-CA30-49D5-A69B-6779A3FD0D3B}"
EndProject
Project("{FAE04EC0-301F-11D3-BF4B-00C04F79EFBC}") = "03. Word Count", "03. Word Count\03. Word Count.csproj", "{5FF3D2E4-3306-4BB5-8C9B-3718F6EDD457}"
EndProject
Project("{FAE04EC0-301F-11D3-BF4B-00C04F79EFBC}") = "04. Copy Binary File", "04. Copy Binary File\04. Copy Binary File.csproj", "{2B91F1BD-3075-42EF-98E2-BD88DD9CCCD7}"
EndProject
Project("{FAE04EC0-301F-11D3-BF4B-00C04F79EFBC}") = "05. Slicing File", "05. Slicing File\05. Slicing File.csproj", "{66F32798-54CF-4398-8222-3883B421A3F4}"
EndProject
Project("{FAE04EC0-301F-11D3-BF4B-00C04F79EFBC}") = "06. Zipping Sliced Files", "06. Zipping Sliced Files\06. Zipping Sliced Files.csproj", "{443A8C21-5663-4789-9098-B029B86F7B4F}"
EndProject
Project("{FAE04EC0-301F-11D3-BF4B-00C04F79EFBC}") = "07. Directory Traversal", "07. Directory Traversal\07. Directory Traversal.csproj", "{9DDD3620-4337-40E4-9562-1836193E1A83}"
EndProject
Global
	GlobalSection(SolutionConfigurationPlatforms) = preSolution
		Debug|Any CPU = Debug|Any CPU
		Release|Any CPU = Release|Any CPU
	EndGlobalSection
	GlobalSection(ProjectConfigurationPlatforms) = postSolution
		{FF42E3B6-D887-44D2-9D47-C249BD7FC33C}.Debug|Any CPU.ActiveCfg = Debug|Any CPU
		{FF42E3B6-D887-44D2-9D47-C249BD7FC33C}.Debug|Any CPU.Build.0 = Debug|Any CPU
		{FF42E3B6-D887-44D2-9D47-C249BD7FC33C}.Release|Any CPU.ActiveCfg = Release|Any CPU
		{FF42E3B6-D887-44D2-9D47-C249BD7FC33C}.Release|Any CPU.Build.0 = Release|Any CPU
		{AE9DCDE6-CA30-49D5-A69B-6779A3FD0D3B}.Debug|Any CPU.ActiveCfg = Debug|Any CPU
		{AE9DCDE6-CA30-49D5-A69B-6779A3FD0D3B}.Debug|Any CPU.Build.0 = Debug|Any CPU
		{AE9DCDE6-CA30-49D5-A69B-6779A3FD0D3B}.Release|Any CPU.ActiveCfg = Release|Any CPU
		{AE9DCDE6-CA30-49D5-A69B-6779A3FD0D3B}.Release|Any CPU.Build.0 = Release|Any CPU
		{5FF3D2E4-3306-4BB5-8C9B-3718F6EDD457}.Debug|Any CPU.ActiveCfg = Debug|Any CPU
		{5FF3D2E4-3306-4BB5-8C9B-3718F6EDD457}.Debug|Any CPU.Build.0 = Debug|Any CPU
		{5FF3D2E4-3306-4BB5-8C9B-3718F6EDD457}.Release|Any CPU.ActiveCfg = Release|Any CPU
		{5FF3D2E4-3306-4BB5-8C9B-3718F6EDD457}.Release|Any CPU.Build.0 = Release|Any CPU
		{2B91F1BD-3075-42EF-98E2-BD88DD9CCCD7}.Debug|Any CPU.ActiveCfg = Debug|Any CPU
		{2B91F1BD-3075-42EF-98E2-BD88DD9CCCD7}.Debug|Any CPU.Build.0 = Debug|Any CPU
		{2B91F1BD-3075-42EF-98E2-BD88DD9CCCD7}.Release|Any CPU.ActiveCfg = Release|Any CPU
		{2B91F1BD-3075-42EF-98E2-BD88DD9CCCD7}.Release|Any CPU.Build.0 = Release|Any CPU
		{66F32798-54CF-4398-8222-3883B421A3F4}.Debug|Any CPU.ActiveCfg = Debug|Any CPU
		{66F32798-54CF-4398-8222-3883B421A3F4}.Debug|Any CPU.Build.0 = Debug|Any CPU
		{66F32798-54CF-4398-8222-3883B421A3F4}.Release|Any CPU.ActiveCfg = Release|Any CPU
		{66F32798-54CF-4398-8222-3883B421A3F4}.Release|Any CPU.Build.0 = Release|Any CPU
		{443A8C21-5663-4789-9098-B029B86F7B4F}.Debug|Any CPU.ActiveCfg = Debug|Any CPU
		{443A8C21-5663-4789-9098-B029B86F7B4F}.Debug|Any CPU.Build.0 = Debug|Any CPU
		{443A8C21-5663-4789-9098-B029B86F7B4F}.Release|Any CPU.ActiveCfg = Release|Any CPU
		{443A8C21-5663-4789-9098-B029B86F7B4F}.Release|Any CPU.Build.0 = Release|Any CPU
		{9DDD3620-4337-40E4-9562-1836193E1A83}.Debug|Any CPU.ActiveCfg = Debug|Any CPU
		{9DDD3620-4337-40E4-9562-1836193E1A83}.Debug|Any CPU.Build.0 = Debug|Any CPU
		{9DDD3620-4337-40E4-9562-1836193E1A83}.Release|Any CPU.ActiveCfg = Release|Any CPU
		{9DDD3620-4337-40E4-9562-1836193E1A83}.Release|Any CPU.Build.0 = Release|Any CPU
	EndGlobalSection
	GlobalSection(SolutionProperties) = preSolution
		HideSolutionNode = FALSE
	EndGlobalSection
EndGlobal
