
Microsoft Visual Studio Solution File, Format Version 12.00
# Visual Studio 15
VisualStudioVersion = 15.0.26430.14
MinimumVisualStudioVersion = 10.0.40219.1
Project("{FAE04EC0-301F-11D3-BF4B-00C04F79EFBC}") = "GenericBox", "GenericBox\GenericBox.csproj", "{A5C6E3E0-1219-45FA-A360-59A8157514C6}"
EndProject
Project("{FAE04EC0-301F-11D3-BF4B-00C04F79EFBC}") = "CustomList", "CustomList\CustomList.csproj", "{84DECEF5-270D-4DC2-AAFB-9AB69404B69A}"
EndProject
Project("{FAE04EC0-301F-11D3-BF4B-00C04F79EFBC}") = "Tuple", "Tuple\Tuple.csproj", "{5ED38E67-4E9E-424B-BCF6-9F2D5702CEAC}"
EndProject
Project("{FAE04EC0-301F-11D3-BF4B-00C04F79EFBC}") = "Threeuple", "Threeuple\Threeuple.csproj", "{9A24D831-C778-4ACA-8A11-561B9472CDCA}"
EndProject
Global
	GlobalSection(SolutionConfigurationPlatforms) = preSolution
		Debug|Any CPU = Debug|Any CPU
		Release|Any CPU = Release|Any CPU
	EndGlobalSection
	GlobalSection(ProjectConfigurationPlatforms) = postSolution
		{A5C6E3E0-1219-45FA-A360-59A8157514C6}.Debug|Any CPU.ActiveCfg = Debug|Any CPU
		{A5C6E3E0-1219-45FA-A360-59A8157514C6}.Debug|Any CPU.Build.0 = Debug|Any CPU
		{A5C6E3E0-1219-45FA-A360-59A8157514C6}.Release|Any CPU.ActiveCfg = Release|Any CPU
		{A5C6E3E0-1219-45FA-A360-59A8157514C6}.Release|Any CPU.Build.0 = Release|Any CPU
		{84DECEF5-270D-4DC2-AAFB-9AB69404B69A}.Debug|Any CPU.ActiveCfg = Debug|Any CPU
		{84DECEF5-270D-4DC2-AAFB-9AB69404B69A}.Debug|Any CPU.Build.0 = Debug|Any CPU
		{84DECEF5-270D-4DC2-AAFB-9AB69404B69A}.Release|Any CPU.ActiveCfg = Release|Any CPU
		{84DECEF5-270D-4DC2-AAFB-9AB69404B69A}.Release|Any CPU.Build.0 = Release|Any CPU
		{5ED38E67-4E9E-424B-BCF6-9F2D5702CEAC}.Debug|Any CPU.ActiveCfg = Debug|Any CPU
		{5ED38E67-4E9E-424B-BCF6-9F2D5702CEAC}.Debug|Any CPU.Build.0 = Debug|Any CPU
		{5ED38E67-4E9E-424B-BCF6-9F2D5702CEAC}.Release|Any CPU.ActiveCfg = Release|Any CPU
		{5ED38E67-4E9E-424B-BCF6-9F2D5702CEAC}.Release|Any CPU.Build.0 = Release|Any CPU
		{9A24D831-C778-4ACA-8A11-561B9472CDCA}.Debug|Any CPU.ActiveCfg = Debug|Any CPU
		{9A24D831-C778-4ACA-8A11-561B9472CDCA}.Debug|Any CPU.Build.0 = Debug|Any CPU
		{9A24D831-C778-4ACA-8A11-561B9472CDCA}.Release|Any CPU.ActiveCfg = Release|Any CPU
		{9A24D831-C778-4ACA-8A11-561B9472CDCA}.Release|Any CPU.Build.0 = Release|Any CPU
	EndGlobalSection
	GlobalSection(SolutionProperties) = preSolution
		HideSolutionNode = FALSE
	EndGlobalSection
EndGlobal
