
Microsoft Visual Studio Solution File, Format Version 12.00
# Visual Studio 14
VisualStudioVersion = 14.0.25420.1
MinimumVisualStudioVersion = 10.0.40219.1
Project("{FAE04EC0-301F-11D3-BF4B-00C04F79EFBC}") = "01. Match Full Name", "01. Match Full Name\01. Match Full Name.csproj", "{855A46AB-CDF6-4D91-971A-44929D2CDE99}"
EndProject
Project("{FAE04EC0-301F-11D3-BF4B-00C04F79EFBC}") = "02. Match Phone Number", "02. Match Phone Number\02. Match Phone Number.csproj", "{06EBEC43-C69F-4964-A119-6EE1C970D188}"
EndProject
Project("{FAE04EC0-301F-11D3-BF4B-00C04F79EFBC}") = "03. Series of Letters", "03. Series of Letters\03. Series of Letters.csproj", "{5F093389-FBD3-4CFC-AD4E-2C2E9AAD98F8}"
EndProject
Project("{FAE04EC0-301F-11D3-BF4B-00C04F79EFBC}") = "04. Replace tag", "04. Replace tag\04. Replace tag.csproj", "{3EF186CB-5C42-4242-8AFA-FE0473EFC6AD}"
EndProject
Project("{FAE04EC0-301F-11D3-BF4B-00C04F79EFBC}") = "05. Extract Emails", "05. Extract Emails\05. Extract Emails.csproj", "{647786DC-7F53-4D9F-99DA-D19A62FC83B3}"
EndProject
Project("{FAE04EC0-301F-11D3-BF4B-00C04F79EFBC}") = "06. Sentence Extractor", "06. Sentence Extractor\06. Sentence Extractor.csproj", "{98688757-7ABC-4C11-AC48-607B14585DEB}"
EndProject
Project("{FAE04EC0-301F-11D3-BF4B-00C04F79EFBC}") = "07. Valid Usernames", "07. Valid Usernames\07. Valid Usernames.csproj", "{EDC05FC9-96A3-4942-B80D-441A469FE0CE}"
EndProject
Project("{FAE04EC0-301F-11D3-BF4B-00C04F79EFBC}") = "08. Extract Hyperlinks", "08. Extract Hyperlinks\08. Extract Hyperlinks.csproj", "{94E0E10B-87D6-4D1B-A21F-188202392447}"
EndProject
Project("{FAE04EC0-301F-11D3-BF4B-00C04F79EFBC}") = "09. Query Mess", "09. Query Mess\09. Query Mess.csproj", "{DF58BBEA-F212-4246-8E39-DB05D7FC0DBD}"
EndProject
Project("{FAE04EC0-301F-11D3-BF4B-00C04F79EFBC}") = "Semantic HTML", "Semantic HTML\Semantic HTML.csproj", "{43999AF0-D59E-4EAE-970F-8FE2FF6BEAEF}"
EndProject
Global
	GlobalSection(SolutionConfigurationPlatforms) = preSolution
		Debug|Any CPU = Debug|Any CPU
		Release|Any CPU = Release|Any CPU
	EndGlobalSection
	GlobalSection(ProjectConfigurationPlatforms) = postSolution
		{855A46AB-CDF6-4D91-971A-44929D2CDE99}.Debug|Any CPU.ActiveCfg = Debug|Any CPU
		{855A46AB-CDF6-4D91-971A-44929D2CDE99}.Debug|Any CPU.Build.0 = Debug|Any CPU
		{855A46AB-CDF6-4D91-971A-44929D2CDE99}.Release|Any CPU.ActiveCfg = Release|Any CPU
		{855A46AB-CDF6-4D91-971A-44929D2CDE99}.Release|Any CPU.Build.0 = Release|Any CPU
		{06EBEC43-C69F-4964-A119-6EE1C970D188}.Debug|Any CPU.ActiveCfg = Debug|Any CPU
		{06EBEC43-C69F-4964-A119-6EE1C970D188}.Debug|Any CPU.Build.0 = Debug|Any CPU
		{06EBEC43-C69F-4964-A119-6EE1C970D188}.Release|Any CPU.ActiveCfg = Release|Any CPU
		{06EBEC43-C69F-4964-A119-6EE1C970D188}.Release|Any CPU.Build.0 = Release|Any CPU
		{5F093389-FBD3-4CFC-AD4E-2C2E9AAD98F8}.Debug|Any CPU.ActiveCfg = Debug|Any CPU
		{5F093389-FBD3-4CFC-AD4E-2C2E9AAD98F8}.Debug|Any CPU.Build.0 = Debug|Any CPU
		{5F093389-FBD3-4CFC-AD4E-2C2E9AAD98F8}.Release|Any CPU.ActiveCfg = Release|Any CPU
		{5F093389-FBD3-4CFC-AD4E-2C2E9AAD98F8}.Release|Any CPU.Build.0 = Release|Any CPU
		{3EF186CB-5C42-4242-8AFA-FE0473EFC6AD}.Debug|Any CPU.ActiveCfg = Debug|Any CPU
		{3EF186CB-5C42-4242-8AFA-FE0473EFC6AD}.Debug|Any CPU.Build.0 = Debug|Any CPU
		{3EF186CB-5C42-4242-8AFA-FE0473EFC6AD}.Release|Any CPU.ActiveCfg = Release|Any CPU
		{3EF186CB-5C42-4242-8AFA-FE0473EFC6AD}.Release|Any CPU.Build.0 = Release|Any CPU
		{647786DC-7F53-4D9F-99DA-D19A62FC83B3}.Debug|Any CPU.ActiveCfg = Debug|Any CPU
		{647786DC-7F53-4D9F-99DA-D19A62FC83B3}.Debug|Any CPU.Build.0 = Debug|Any CPU
		{647786DC-7F53-4D9F-99DA-D19A62FC83B3}.Release|Any CPU.ActiveCfg = Release|Any CPU
		{647786DC-7F53-4D9F-99DA-D19A62FC83B3}.Release|Any CPU.Build.0 = Release|Any CPU
		{98688757-7ABC-4C11-AC48-607B14585DEB}.Debug|Any CPU.ActiveCfg = Debug|Any CPU
		{98688757-7ABC-4C11-AC48-607B14585DEB}.Debug|Any CPU.Build.0 = Debug|Any CPU
		{98688757-7ABC-4C11-AC48-607B14585DEB}.Release|Any CPU.ActiveCfg = Release|Any CPU
		{98688757-7ABC-4C11-AC48-607B14585DEB}.Release|Any CPU.Build.0 = Release|Any CPU
		{EDC05FC9-96A3-4942-B80D-441A469FE0CE}.Debug|Any CPU.ActiveCfg = Debug|Any CPU
		{EDC05FC9-96A3-4942-B80D-441A469FE0CE}.Debug|Any CPU.Build.0 = Debug|Any CPU
		{EDC05FC9-96A3-4942-B80D-441A469FE0CE}.Release|Any CPU.ActiveCfg = Release|Any CPU
		{EDC05FC9-96A3-4942-B80D-441A469FE0CE}.Release|Any CPU.Build.0 = Release|Any CPU
		{94E0E10B-87D6-4D1B-A21F-188202392447}.Debug|Any CPU.ActiveCfg = Debug|Any CPU
		{94E0E10B-87D6-4D1B-A21F-188202392447}.Debug|Any CPU.Build.0 = Debug|Any CPU
		{94E0E10B-87D6-4D1B-A21F-188202392447}.Release|Any CPU.ActiveCfg = Release|Any CPU
		{94E0E10B-87D6-4D1B-A21F-188202392447}.Release|Any CPU.Build.0 = Release|Any CPU
		{DF58BBEA-F212-4246-8E39-DB05D7FC0DBD}.Debug|Any CPU.ActiveCfg = Debug|Any CPU
		{DF58BBEA-F212-4246-8E39-DB05D7FC0DBD}.Debug|Any CPU.Build.0 = Debug|Any CPU
		{DF58BBEA-F212-4246-8E39-DB05D7FC0DBD}.Release|Any CPU.ActiveCfg = Release|Any CPU
		{DF58BBEA-F212-4246-8E39-DB05D7FC0DBD}.Release|Any CPU.Build.0 = Release|Any CPU
		{43999AF0-D59E-4EAE-970F-8FE2FF6BEAEF}.Debug|Any CPU.ActiveCfg = Debug|Any CPU
		{43999AF0-D59E-4EAE-970F-8FE2FF6BEAEF}.Debug|Any CPU.Build.0 = Debug|Any CPU
		{43999AF0-D59E-4EAE-970F-8FE2FF6BEAEF}.Release|Any CPU.ActiveCfg = Release|Any CPU
		{43999AF0-D59E-4EAE-970F-8FE2FF6BEAEF}.Release|Any CPU.Build.0 = Release|Any CPU
	EndGlobalSection
	GlobalSection(SolutionProperties) = preSolution
		HideSolutionNode = FALSE
	EndGlobalSection
EndGlobal
