
Microsoft Visual Studio Solution File, Format Version 12.00
# Visual Studio 15
VisualStudioVersion = 15.0.26730.16
MinimumVisualStudioVersion = 10.0.40219.1
Project("{FAE04EC0-301F-11D3-BF4B-00C04F79EFBC}") = "SocialNetwork", "SocialNetwork\SocialNetwork.csproj", "{585965AB-36CE-41A9-989A-3D9B2A1C36B3}"
EndProject
Project("{FAE04EC0-301F-11D3-BF4B-00C04F79EFBC}") = "SocialNetwork.Data", "SocialNetwork.Data\SocialNetwork.Data.csproj", "{971AB245-71BA-4D70-9F4D-55C9A814E87D}"
EndProject
Global
	GlobalSection(SolutionConfigurationPlatforms) = preSolution
		Debug|Any CPU = Debug|Any CPU
		Release|Any CPU = Release|Any CPU
	EndGlobalSection
	GlobalSection(ProjectConfigurationPlatforms) = postSolution
		{585965AB-36CE-41A9-989A-3D9B2A1C36B3}.Debug|Any CPU.ActiveCfg = Debug|Any CPU
		{585965AB-36CE-41A9-989A-3D9B2A1C36B3}.Debug|Any CPU.Build.0 = Debug|Any CPU
		{585965AB-36CE-41A9-989A-3D9B2A1C36B3}.Release|Any CPU.ActiveCfg = Release|Any CPU
		{585965AB-36CE-41A9-989A-3D9B2A1C36B3}.Release|Any CPU.Build.0 = Release|Any CPU
		{971AB245-71BA-4D70-9F4D-55C9A814E87D}.Debug|Any CPU.ActiveCfg = Debug|Any CPU
		{971AB245-71BA-4D70-9F4D-55C9A814E87D}.Debug|Any CPU.Build.0 = Debug|Any CPU
		{971AB245-71BA-4D70-9F4D-55C9A814E87D}.Release|Any CPU.ActiveCfg = Release|Any CPU
		{971AB245-71BA-4D70-9F4D-55C9A814E87D}.Release|Any CPU.Build.0 = Release|Any CPU
	EndGlobalSection
	GlobalSection(SolutionProperties) = preSolution
		HideSolutionNode = FALSE
	EndGlobalSection
	GlobalSection(ExtensibilityGlobals) = postSolution
		SolutionGuid = {465C03FB-A369-4D82-AE2C-0484A988FB42}
	EndGlobalSection
EndGlobal
