
Microsoft Visual Studio Solution File, Format Version 12.00
# Visual Studio 15
VisualStudioVersion = 15.0.26430.14
MinimumVisualStudioVersion = 10.0.40219.1
Project("{FAE04EC0-301F-11D3-BF4B-00C04F79EFBC}") = "NeedForSpeed", "NeedForSpeed\NeedForSpeed.csproj", "{04BEC0D7-4625-4F52-A862-CAFF2D1EC048}"
EndProject
Project("{FAE04EC0-301F-11D3-BF4B-00C04F79EFBC}") = "NeedForSpeedTest", "NeedForSpeedTest\NeedForSpeedTest.csproj", "{78A20BBF-1B98-4580-AF52-753FB15948A6}"
EndProject
Global
	GlobalSection(SolutionConfigurationPlatforms) = preSolution
		Debug|Any CPU = Debug|Any CPU
		Release|Any CPU = Release|Any CPU
	EndGlobalSection
	GlobalSection(ProjectConfigurationPlatforms) = postSolution
		{04BEC0D7-4625-4F52-A862-CAFF2D1EC048}.Debug|Any CPU.ActiveCfg = Debug|Any CPU
		{04BEC0D7-4625-4F52-A862-CAFF2D1EC048}.Debug|Any CPU.Build.0 = Debug|Any CPU
		{04BEC0D7-4625-4F52-A862-CAFF2D1EC048}.Release|Any CPU.ActiveCfg = Release|Any CPU
		{04BEC0D7-4625-4F52-A862-CAFF2D1EC048}.Release|Any CPU.Build.0 = Release|Any CPU
		{78A20BBF-1B98-4580-AF52-753FB15948A6}.Debug|Any CPU.ActiveCfg = Debug|Any CPU
		{78A20BBF-1B98-4580-AF52-753FB15948A6}.Debug|Any CPU.Build.0 = Debug|Any CPU
		{78A20BBF-1B98-4580-AF52-753FB15948A6}.Release|Any CPU.ActiveCfg = Release|Any CPU
		{78A20BBF-1B98-4580-AF52-753FB15948A6}.Release|Any CPU.Build.0 = Release|Any CPU
	EndGlobalSection
	GlobalSection(SolutionProperties) = preSolution
		HideSolutionNode = FALSE
	EndGlobalSection
EndGlobal
