
Microsoft Visual Studio Solution File, Format Version 12.00
# Visual Studio 15
VisualStudioVersion = 15.0.26730.16
MinimumVisualStudioVersion = 10.0.40219.1
Project("{9A19103F-16F7-4668-BE54-9A1E7A4F7556}") = "WebServer", "WebServer\WebServer.csproj", "{DB909C19-036D-4CE9-BA1B-1D4C074107DF}"
EndProject
Project("{9A19103F-16F7-4668-BE54-9A1E7A4F7556}") = "SimpleMvc.Framework", "SimpleMvc.Framework\SimpleMvc.Framework.csproj", "{E0AEF5B9-20E1-41D1-A6E7-96C335C699F3}"
EndProject
Project("{9A19103F-16F7-4668-BE54-9A1E7A4F7556}") = "SimpleMvc.App", "SimpleMvc.App\SimpleMvc.App.csproj", "{B2C7553D-2802-4ECE-B549-FB82E55A34D1}"
EndProject
Global
	GlobalSection(SolutionConfigurationPlatforms) = preSolution
		Debug|Any CPU = Debug|Any CPU
		Release|Any CPU = Release|Any CPU
	EndGlobalSection
	GlobalSection(ProjectConfigurationPlatforms) = postSolution
		{DB909C19-036D-4CE9-BA1B-1D4C074107DF}.Debug|Any CPU.ActiveCfg = Debug|Any CPU
		{DB909C19-036D-4CE9-BA1B-1D4C074107DF}.Debug|Any CPU.Build.0 = Debug|Any CPU
		{DB909C19-036D-4CE9-BA1B-1D4C074107DF}.Release|Any CPU.ActiveCfg = Release|Any CPU
		{DB909C19-036D-4CE9-BA1B-1D4C074107DF}.Release|Any CPU.Build.0 = Release|Any CPU
		{E0AEF5B9-20E1-41D1-A6E7-96C335C699F3}.Debug|Any CPU.ActiveCfg = Debug|Any CPU
		{E0AEF5B9-20E1-41D1-A6E7-96C335C699F3}.Debug|Any CPU.Build.0 = Debug|Any CPU
		{E0AEF5B9-20E1-41D1-A6E7-96C335C699F3}.Release|Any CPU.ActiveCfg = Release|Any CPU
		{E0AEF5B9-20E1-41D1-A6E7-96C335C699F3}.Release|Any CPU.Build.0 = Release|Any CPU
		{B2C7553D-2802-4ECE-B549-FB82E55A34D1}.Debug|Any CPU.ActiveCfg = Debug|Any CPU
		{B2C7553D-2802-4ECE-B549-FB82E55A34D1}.Debug|Any CPU.Build.0 = Debug|Any CPU
		{B2C7553D-2802-4ECE-B549-FB82E55A34D1}.Release|Any CPU.ActiveCfg = Release|Any CPU
		{B2C7553D-2802-4ECE-B549-FB82E55A34D1}.Release|Any CPU.Build.0 = Release|Any CPU
	EndGlobalSection
	GlobalSection(SolutionProperties) = preSolution
		HideSolutionNode = FALSE
	EndGlobalSection
	GlobalSection(ExtensibilityGlobals) = postSolution
		SolutionGuid = {0A89769A-2F47-4A29-84CD-3EA54DEEDA72}
	EndGlobalSection
EndGlobal
