
Microsoft Visual Studio Solution File, Format Version 12.00
# Visual Studio 15
VisualStudioVersion = 15.0.26430.14
MinimumVisualStudioVersion = 10.0.40219.1
Project("{FAE04EC0-301F-11D3-BF4B-00C04F79EFBC}") = "Person", "01. Person\Person.csproj", "{29F4E15F-825E-435E-975A-9EA5C77B0E81}"
EndProject
Project("{FAE04EC0-301F-11D3-BF4B-00C04F79EFBC}") = "Book Shop", "Book Shop\Book Shop.csproj", "{893B5EA9-F1AB-491D-B92E-73FEA4504555}"
EndProject
Project("{FAE04EC0-301F-11D3-BF4B-00C04F79EFBC}") = "Mankind", "Mankind\Mankind.csproj", "{A1D5C1F4-0527-4B71-B644-C7F44911BE1F}"
EndProject
Project("{FAE04EC0-301F-11D3-BF4B-00C04F79EFBC}") = "Online Radio Database", "Online Radio Database\Online Radio Database.csproj", "{204EF7FD-E59C-4535-A9AD-52929CF6DD95}"
EndProject
Project("{FAE04EC0-301F-11D3-BF4B-00C04F79EFBC}") = "Mordor’s Cruelty Plan", "Mordor’s Cruelty Plan\Mordor’s Cruelty Plan.csproj", "{AF958B43-40BC-4960-BE12-ECC251CD2A48}"
EndProject
Project("{FAE04EC0-301F-11D3-BF4B-00C04F79EFBC}") = "Animals", "Animals\Animals.csproj", "{4AB763B9-D319-44FA-AD0B-91B4F918B092}"
EndProject
Global
	GlobalSection(SolutionConfigurationPlatforms) = preSolution
		Debug|Any CPU = Debug|Any CPU
		Release|Any CPU = Release|Any CPU
	EndGlobalSection
	GlobalSection(ProjectConfigurationPlatforms) = postSolution
		{29F4E15F-825E-435E-975A-9EA5C77B0E81}.Debug|Any CPU.ActiveCfg = Debug|Any CPU
		{29F4E15F-825E-435E-975A-9EA5C77B0E81}.Debug|Any CPU.Build.0 = Debug|Any CPU
		{29F4E15F-825E-435E-975A-9EA5C77B0E81}.Release|Any CPU.ActiveCfg = Release|Any CPU
		{29F4E15F-825E-435E-975A-9EA5C77B0E81}.Release|Any CPU.Build.0 = Release|Any CPU
		{893B5EA9-F1AB-491D-B92E-73FEA4504555}.Debug|Any CPU.ActiveCfg = Debug|Any CPU
		{893B5EA9-F1AB-491D-B92E-73FEA4504555}.Debug|Any CPU.Build.0 = Debug|Any CPU
		{893B5EA9-F1AB-491D-B92E-73FEA4504555}.Release|Any CPU.ActiveCfg = Release|Any CPU
		{893B5EA9-F1AB-491D-B92E-73FEA4504555}.Release|Any CPU.Build.0 = Release|Any CPU
		{A1D5C1F4-0527-4B71-B644-C7F44911BE1F}.Debug|Any CPU.ActiveCfg = Debug|Any CPU
		{A1D5C1F4-0527-4B71-B644-C7F44911BE1F}.Debug|Any CPU.Build.0 = Debug|Any CPU
		{A1D5C1F4-0527-4B71-B644-C7F44911BE1F}.Release|Any CPU.ActiveCfg = Release|Any CPU
		{A1D5C1F4-0527-4B71-B644-C7F44911BE1F}.Release|Any CPU.Build.0 = Release|Any CPU
		{204EF7FD-E59C-4535-A9AD-52929CF6DD95}.Debug|Any CPU.ActiveCfg = Debug|Any CPU
		{204EF7FD-E59C-4535-A9AD-52929CF6DD95}.Debug|Any CPU.Build.0 = Debug|Any CPU
		{204EF7FD-E59C-4535-A9AD-52929CF6DD95}.Release|Any CPU.ActiveCfg = Release|Any CPU
		{204EF7FD-E59C-4535-A9AD-52929CF6DD95}.Release|Any CPU.Build.0 = Release|Any CPU
		{AF958B43-40BC-4960-BE12-ECC251CD2A48}.Debug|Any CPU.ActiveCfg = Debug|Any CPU
		{AF958B43-40BC-4960-BE12-ECC251CD2A48}.Debug|Any CPU.Build.0 = Debug|Any CPU
		{AF958B43-40BC-4960-BE12-ECC251CD2A48}.Release|Any CPU.ActiveCfg = Release|Any CPU
		{AF958B43-40BC-4960-BE12-ECC251CD2A48}.Release|Any CPU.Build.0 = Release|Any CPU
		{4AB763B9-D319-44FA-AD0B-91B4F918B092}.Debug|Any CPU.ActiveCfg = Debug|Any CPU
		{4AB763B9-D319-44FA-AD0B-91B4F918B092}.Debug|Any CPU.Build.0 = Debug|Any CPU
		{4AB763B9-D319-44FA-AD0B-91B4F918B092}.Release|Any CPU.ActiveCfg = Release|Any CPU
		{4AB763B9-D319-44FA-AD0B-91B4F918B092}.Release|Any CPU.Build.0 = Release|Any CPU
	EndGlobalSection
	GlobalSection(SolutionProperties) = preSolution
		HideSolutionNode = FALSE
	EndGlobalSection
EndGlobal
